
Microsoft Visual Studio Solution File, Format Version 12.00
# Visual Studio 15
VisualStudioVersion = 15.0.28307.572
MinimumVisualStudioVersion = 10.0.40219.1
Project("{FAE04EC0-301F-11D3-BF4B-00C04F79EFBC}") = "OGeneration", "OGeneration\OGeneration.csproj", "{C047E789-661D-4BAB-B588-CBA1AD6DDE97}"
EndProject
Project("{FAE04EC0-301F-11D3-BF4B-00C04F79EFBC}") = "WPF.Common", "WPF.Common\WPF.Common.csproj", "{560B12B2-6D61-456D-839C-E05F129ED273}"
EndProject
Project("{FAE04EC0-301F-11D3-BF4B-00C04F79EFBC}") = "OGeneration.PluginInterfaces", "OGeneration.PluginInterfaces\OGeneration.PluginInterfaces.csproj", "{3A06E54A-23C8-4AEB-8C4E-CCB5559D9C09}"
EndProject
Global
	GlobalSection(SolutionConfigurationPlatforms) = preSolution
		Debug|Any CPU = Debug|Any CPU
		Release|Any CPU = Release|Any CPU
	EndGlobalSection
	GlobalSection(ProjectConfigurationPlatforms) = postSolution
		{C047E789-661D-4BAB-B588-CBA1AD6DDE97}.Debug|Any CPU.ActiveCfg = Debug|Any CPU
		{C047E789-661D-4BAB-B588-CBA1AD6DDE97}.Debug|Any CPU.Build.0 = Debug|Any CPU
		{C047E789-661D-4BAB-B588-CBA1AD6DDE97}.Release|Any CPU.ActiveCfg = Release|Any CPU
		{C047E789-661D-4BAB-B588-CBA1AD6DDE97}.Release|Any CPU.Build.0 = Release|Any CPU
		{560B12B2-6D61-456D-839C-E05F129ED273}.Debug|Any CPU.ActiveCfg = Debug|Any CPU
		{560B12B2-6D61-456D-839C-E05F129ED273}.Debug|Any CPU.Build.0 = Debug|Any CPU
		{560B12B2-6D61-456D-839C-E05F129ED273}.Release|Any CPU.ActiveCfg = Release|Any CPU
		{560B12B2-6D61-456D-839C-E05F129ED273}.Release|Any CPU.Build.0 = Release|Any CPU
		{3A06E54A-23C8-4AEB-8C4E-CCB5559D9C09}.Debug|Any CPU.ActiveCfg = Debug|Any CPU
		{3A06E54A-23C8-4AEB-8C4E-CCB5559D9C09}.Debug|Any CPU.Build.0 = Debug|Any CPU
		{3A06E54A-23C8-4AEB-8C4E-CCB5559D9C09}.Release|Any CPU.ActiveCfg = Release|Any CPU
		{3A06E54A-23C8-4AEB-8C4E-CCB5559D9C09}.Release|Any CPU.Build.0 = Release|Any CPU
	EndGlobalSection
	GlobalSection(SolutionProperties) = preSolution
		HideSolutionNode = FALSE
	EndGlobalSection
	GlobalSection(ExtensibilityGlobals) = postSolution
		SolutionGuid = {2AD35237-EAAF-4023-B549-5D9C45877270}
	EndGlobalSection
EndGlobal
